
Microsoft Visual Studio Solution File, Format Version 12.00
# Visual Studio 14
VisualStudioVersion = 14.0.24720.0
MinimumVisualStudioVersion = 10.0.40219.1
Project("{FAE04EC0-301F-11D3-BF4B-00C04F79EFBC}") = "MyPasswords", "MyPasswords\MyPasswords.csproj", "{6718EFD3-E607-4A98-A56F-E12C8FC44EA3}"
EndProject
Project("{FAE04EC0-301F-11D3-BF4B-00C04F79EFBC}") = "MyPasswords.Library", "MyPasswords.Library\MyPasswords.Library.csproj", "{29DCF4BD-6DF1-4502-A184-B55872200A2C}"
EndProject
Project("{FAE04EC0-301F-11D3-BF4B-00C04F79EFBC}") = "MyPasswords.Library.UnitTests", "MyPasswords.Library.UnitTests\MyPasswords.Library.UnitTests.csproj", "{30B6512B-64FB-44C5-BC8F-1317DCBC5872}"
EndProject
Global
	GlobalSection(SolutionConfigurationPlatforms) = preSolution
		Debug|Any CPU = Debug|Any CPU
		Release|Any CPU = Release|Any CPU
	EndGlobalSection
	GlobalSection(ProjectConfigurationPlatforms) = postSolution
		{6718EFD3-E607-4A98-A56F-E12C8FC44EA3}.Debug|Any CPU.ActiveCfg = Debug|Any CPU
		{6718EFD3-E607-4A98-A56F-E12C8FC44EA3}.Debug|Any CPU.Build.0 = Debug|Any CPU
		{6718EFD3-E607-4A98-A56F-E12C8FC44EA3}.Release|Any CPU.ActiveCfg = Release|Any CPU
		{6718EFD3-E607-4A98-A56F-E12C8FC44EA3}.Release|Any CPU.Build.0 = Release|Any CPU
		{29DCF4BD-6DF1-4502-A184-B55872200A2C}.Debug|Any CPU.ActiveCfg = Debug|Any CPU
		{29DCF4BD-6DF1-4502-A184-B55872200A2C}.Debug|Any CPU.Build.0 = Debug|Any CPU
		{29DCF4BD-6DF1-4502-A184-B55872200A2C}.Release|Any CPU.ActiveCfg = Release|Any CPU
		{29DCF4BD-6DF1-4502-A184-B55872200A2C}.Release|Any CPU.Build.0 = Release|Any CPU
		{30B6512B-64FB-44C5-BC8F-1317DCBC5872}.Debug|Any CPU.ActiveCfg = Debug|Any CPU
		{30B6512B-64FB-44C5-BC8F-1317DCBC5872}.Debug|Any CPU.Build.0 = Debug|Any CPU
		{30B6512B-64FB-44C5-BC8F-1317DCBC5872}.Release|Any CPU.ActiveCfg = Release|Any CPU
		{30B6512B-64FB-44C5-BC8F-1317DCBC5872}.Release|Any CPU.Build.0 = Release|Any CPU
	EndGlobalSection
	GlobalSection(SolutionProperties) = preSolution
		HideSolutionNode = FALSE
	EndGlobalSection
EndGlobal
